# THIS IS AN AUTOGENERATED FILE. DO NOT EDIT THIS FILE DIRECTLY.
# yarn lockfile v1


react_ujs@^2.6.1, react_ujs@^2.6.2:
  version "2.6.2"
  resolved "https://registry.yarnpkg.com/react_ujs/-/react_ujs-2.6.2.tgz#28230c4082c6e99ecfe8cf59a8a95f3562fe89c5"
  integrity sha512-4WH91hVZp0533LsTjbcd9uI9xS/7/e4QkFbDpDjy8Pr7GuUt1gE+cM0zml7Ii9aSUDl2A/zzkUrLN5X9akmViQ==
  dependencies:
    react_ujs "^2.6.1"
